
Microsoft Visual Studio Solution File, Format Version 12.00
# Visual Studio Version 17
VisualStudioVersion = 17.8.34525.116
MinimumVisualStudioVersion = 10.0.40219.1
Project("{9A19103F-16F7-4668-BE54-9A1E7A4F7556}") = "IMPTest.Api", "IMPTest\IMPTest.Api.csproj", "{A97DDBC5-AF74-4E5A-B968-103AF6E8DF8A}"
EndProject
Project("{9A19103F-16F7-4668-BE54-9A1E7A4F7556}") = "IMPTest.Application", "IMPTest.Application\IMPTest.Application.csproj", "{434348A5-2099-4B45-8A0E-CDF18DAB7D9B}"
EndProject
Project("{9A19103F-16F7-4668-BE54-9A1E7A4F7556}") = "IMPTest.Data", "IMPTest.Data\IMPTest.Data.csproj", "{89F6D6BF-B82D-436D-9820-E8C2A9449118}"
EndProject
Global
	GlobalSection(SolutionConfigurationPlatforms) = preSolution
		Debug|Any CPU = Debug|Any CPU
		Release|Any CPU = Release|Any CPU
	EndGlobalSection
	GlobalSection(ProjectConfigurationPlatforms) = postSolution
		{A97DDBC5-AF74-4E5A-B968-103AF6E8DF8A}.Debug|Any CPU.ActiveCfg = Debug|Any CPU
		{A97DDBC5-AF74-4E5A-B968-103AF6E8DF8A}.Debug|Any CPU.Build.0 = Debug|Any CPU
		{A97DDBC5-AF74-4E5A-B968-103AF6E8DF8A}.Release|Any CPU.ActiveCfg = Release|Any CPU
		{A97DDBC5-AF74-4E5A-B968-103AF6E8DF8A}.Release|Any CPU.Build.0 = Release|Any CPU
		{434348A5-2099-4B45-8A0E-CDF18DAB7D9B}.Debug|Any CPU.ActiveCfg = Debug|Any CPU
		{434348A5-2099-4B45-8A0E-CDF18DAB7D9B}.Debug|Any CPU.Build.0 = Debug|Any CPU
		{434348A5-2099-4B45-8A0E-CDF18DAB7D9B}.Release|Any CPU.ActiveCfg = Release|Any CPU
		{434348A5-2099-4B45-8A0E-CDF18DAB7D9B}.Release|Any CPU.Build.0 = Release|Any CPU
		{89F6D6BF-B82D-436D-9820-E8C2A9449118}.Debug|Any CPU.ActiveCfg = Debug|Any CPU
		{89F6D6BF-B82D-436D-9820-E8C2A9449118}.Debug|Any CPU.Build.0 = Debug|Any CPU
		{89F6D6BF-B82D-436D-9820-E8C2A9449118}.Release|Any CPU.ActiveCfg = Release|Any CPU
		{89F6D6BF-B82D-436D-9820-E8C2A9449118}.Release|Any CPU.Build.0 = Release|Any CPU
	EndGlobalSection
	GlobalSection(SolutionProperties) = preSolution
		HideSolutionNode = FALSE
	EndGlobalSection
	GlobalSection(ExtensibilityGlobals) = postSolution
		SolutionGuid = {CF1E8124-B5D6-4E0C-B017-F140644F5BCC}
	EndGlobalSection
EndGlobal
