
Microsoft Visual Studio Solution File, Format Version 12.00
# Visual Studio Version 17
VisualStudioVersion = 17.8.34525.116
MinimumVisualStudioVersion = 10.0.40219.1
Project("{9A19103F-16F7-4668-BE54-9A1E7A4F7556}") = "Test.Api", "Test.Api\Test.Api.csproj", "{7AD7924A-4F77-460F-A6A2-6091EB051825}"
EndProject
Project("{9A19103F-16F7-4668-BE54-9A1E7A4F7556}") = "Test.Application", "Test.Application\Test.Application.csproj", "{FF8C4B82-E964-4874-A4E2-E6E5F2263ABF}"
EndProject
Project("{9A19103F-16F7-4668-BE54-9A1E7A4F7556}") = "Test.Data", "Test.Data\Test.Data.csproj", "{B346F4C2-422B-4BF3-A826-FAB76CF85538}"
EndProject
Project("{9A19103F-16F7-4668-BE54-9A1E7A4F7556}") = "Test.Tests.Integration", "Test.Tests.Integration\Test.Tests.Integration.csproj", "{6EAACF51-6279-461A-8821-8D157E021759}"
EndProject
Global
	GlobalSection(SolutionConfigurationPlatforms) = preSolution
		Debug|Any CPU = Debug|Any CPU
		Release|Any CPU = Release|Any CPU
	EndGlobalSection
	GlobalSection(ProjectConfigurationPlatforms) = postSolution
		{7AD7924A-4F77-460F-A6A2-6091EB051825}.Debug|Any CPU.ActiveCfg = Debug|Any CPU
		{7AD7924A-4F77-460F-A6A2-6091EB051825}.Debug|Any CPU.Build.0 = Debug|Any CPU
		{7AD7924A-4F77-460F-A6A2-6091EB051825}.Release|Any CPU.ActiveCfg = Release|Any CPU
		{7AD7924A-4F77-460F-A6A2-6091EB051825}.Release|Any CPU.Build.0 = Release|Any CPU
		{FF8C4B82-E964-4874-A4E2-E6E5F2263ABF}.Debug|Any CPU.ActiveCfg = Debug|Any CPU
		{FF8C4B82-E964-4874-A4E2-E6E5F2263ABF}.Debug|Any CPU.Build.0 = Debug|Any CPU
		{FF8C4B82-E964-4874-A4E2-E6E5F2263ABF}.Release|Any CPU.ActiveCfg = Release|Any CPU
		{FF8C4B82-E964-4874-A4E2-E6E5F2263ABF}.Release|Any CPU.Build.0 = Release|Any CPU
		{B346F4C2-422B-4BF3-A826-FAB76CF85538}.Debug|Any CPU.ActiveCfg = Debug|Any CPU
		{B346F4C2-422B-4BF3-A826-FAB76CF85538}.Debug|Any CPU.Build.0 = Debug|Any CPU
		{B346F4C2-422B-4BF3-A826-FAB76CF85538}.Release|Any CPU.ActiveCfg = Release|Any CPU
		{B346F4C2-422B-4BF3-A826-FAB76CF85538}.Release|Any CPU.Build.0 = Release|Any CPU
		{6EAACF51-6279-461A-8821-8D157E021759}.Debug|Any CPU.ActiveCfg = Debug|Any CPU
		{6EAACF51-6279-461A-8821-8D157E021759}.Debug|Any CPU.Build.0 = Debug|Any CPU
		{6EAACF51-6279-461A-8821-8D157E021759}.Release|Any CPU.ActiveCfg = Release|Any CPU
		{6EAACF51-6279-461A-8821-8D157E021759}.Release|Any CPU.Build.0 = Release|Any CPU
	EndGlobalSection
	GlobalSection(SolutionProperties) = preSolution
		HideSolutionNode = FALSE
	EndGlobalSection
	GlobalSection(ExtensibilityGlobals) = postSolution
		SolutionGuid = {CF1E8124-B5D6-4E0C-B017-F140644F5BCC}
	EndGlobalSection
EndGlobal
